
Microsoft Visual Studio Solution File, Format Version 12.00
# Visual Studio Version 16
VisualStudioVersion = 16.0.31402.337
MinimumVisualStudioVersion = 10.0.40219.1
Project("{FAE04EC0-301F-11D3-BF4B-00C04F79EFBC}") = "StrategyDesignPattern", "StrategyDesignPattern\StrategyDesignPattern.csproj", "{757D15B2-A12B-4EC1-A249-B34789DBC95B}"
EndProject
Global
	GlobalSection(SolutionConfigurationPlatforms) = preSolution
		Debug|Any CPU = Debug|Any CPU
		Release|Any CPU = Release|Any CPU
	EndGlobalSection
	GlobalSection(ProjectConfigurationPlatforms) = postSolution
		{757D15B2-A12B-4EC1-A249-B34789DBC95B}.Debug|Any CPU.ActiveCfg = Debug|Any CPU
		{757D15B2-A12B-4EC1-A249-B34789DBC95B}.Debug|Any CPU.Build.0 = Debug|Any CPU
		{757D15B2-A12B-4EC1-A249-B34789DBC95B}.Release|Any CPU.ActiveCfg = Release|Any CPU
		{757D15B2-A12B-4EC1-A249-B34789DBC95B}.Release|Any CPU.Build.0 = Release|Any CPU
	EndGlobalSection
	GlobalSection(SolutionProperties) = preSolution
		HideSolutionNode = FALSE
	EndGlobalSection
	GlobalSection(ExtensibilityGlobals) = postSolution
		SolutionGuid = {2C199926-5AF6-4BF7-8F0E-DA5FDF83849E}
	EndGlobalSection
EndGlobal
